
Microsoft Visual Studio Solution File, Format Version 12.00
# Visual Studio Version 16
VisualStudioVersion = 16.0.33801.447
MinimumVisualStudioVersion = 10.0.40219.1
Project("{FAE04EC0-301F-11D3-BF4B-00C04F79EFBC}") = "TDL", "TDL.csproj", "{76F420B1-32AA-402A-BFF4-DF37A7A4353B}"
EndProject
Global
	GlobalSection(SolutionConfigurationPlatforms) = preSolution
		Debug|Any CPU = Debug|Any CPU
		Release|Any CPU = Release|Any CPU
	EndGlobalSection
	GlobalSection(ProjectConfigurationPlatforms) = postSolution
		{76F420B1-32AA-402A-BFF4-DF37A7A4353B}.Debug|Any CPU.ActiveCfg = Debug|Any CPU
		{76F420B1-32AA-402A-BFF4-DF37A7A4353B}.Debug|Any CPU.Build.0 = Debug|Any CPU
		{76F420B1-32AA-402A-BFF4-DF37A7A4353B}.Release|Any CPU.ActiveCfg = Release|Any CPU
		{76F420B1-32AA-402A-BFF4-DF37A7A4353B}.Release|Any CPU.Build.0 = Release|Any CPU
	EndGlobalSection
	GlobalSection(SolutionProperties) = preSolution
		HideSolutionNode = FALSE
	EndGlobalSection
	GlobalSection(ExtensibilityGlobals) = postSolution
		SolutionGuid = {341CB2EF-3B25-4171-8664-7E66A37ADA62}
	EndGlobalSection
EndGlobal
